
Microsoft Visual Studio Solution File, Format Version 12.00
# Visual Studio 2013
VisualStudioVersion = 12.0.21005.1
MinimumVisualStudioVersion = 10.0.40219.1
Project("{FAE04EC0-301F-11D3-BF4B-00C04F79EFBC}") = "Excel-Add-in-JS-RangeHighlighter", "Excel-Add-in-JS-RangeHighlighter\Excel-Add-in-JS-RangeHighlighter.csproj", "{D6DE40FE-8795-47E0-9A77-C4687963295A}"
EndProject
Project("{FAE04EC0-301F-11D3-BF4B-00C04F79EFBC}") = "Excel-Add-in-JS-RangeHighlighterWeb", "Excel-Add-in-JS-RangeHighlighterWeb\Excel-Add-in-JS-RangeHighlighterWeb.csproj", "{2E9B736F-C6F6-413C-9B29-3171A4EAB40A}"
EndProject
Global
	GlobalSection(SolutionConfigurationPlatforms) = preSolution
		Debug|Any CPU = Debug|Any CPU
		Release|Any CPU = Release|Any CPU
	EndGlobalSection
	GlobalSection(ProjectConfigurationPlatforms) = postSolution
		{D6DE40FE-8795-47E0-9A77-C4687963295A}.Debug|Any CPU.ActiveCfg = Debug|Any CPU
		{D6DE40FE-8795-47E0-9A77-C4687963295A}.Debug|Any CPU.Build.0 = Debug|Any CPU
		{D6DE40FE-8795-47E0-9A77-C4687963295A}.Debug|Any CPU.Deploy.0 = Debug|Any CPU
		{D6DE40FE-8795-47E0-9A77-C4687963295A}.Release|Any CPU.ActiveCfg = Release|Any CPU
		{D6DE40FE-8795-47E0-9A77-C4687963295A}.Release|Any CPU.Build.0 = Release|Any CPU
		{D6DE40FE-8795-47E0-9A77-C4687963295A}.Release|Any CPU.Deploy.0 = Release|Any CPU
		{2E9B736F-C6F6-413C-9B29-3171A4EAB40A}.Debug|Any CPU.ActiveCfg = Debug|Any CPU
		{2E9B736F-C6F6-413C-9B29-3171A4EAB40A}.Debug|Any CPU.Build.0 = Debug|Any CPU
		{2E9B736F-C6F6-413C-9B29-3171A4EAB40A}.Release|Any CPU.ActiveCfg = Release|Any CPU
		{2E9B736F-C6F6-413C-9B29-3171A4EAB40A}.Release|Any CPU.Build.0 = Release|Any CPU
	EndGlobalSection
	GlobalSection(SolutionProperties) = preSolution
		HideSolutionNode = FALSE
	EndGlobalSection
EndGlobal
